<Solution>
  <Folder Name="/ApiGateway/">
    <Project Path="ApiGateway/ECommerce.ApiGateway.csproj" />
  </Folder>
  <Folder Name="/Services/" />
  <Folder Name="/Services/OrderService/">
    <Project Path="Services/OrderService/OrderService.API/OrderService.API.csproj" />
    <Project Path="Services/OrderService/OrderService.Application/OrderService.Application.csproj" />
    <Project Path="Services/OrderService/OrderService.Domain/OrderService.Domain.csproj" />
    <Project Path="Services/OrderService/OrderService.Infrastructure/OrderService.Infrastructure.csproj" />
  </Folder>
  <Folder Name="/Services/PaymentService/">
    <Project Path="Services/PaymentService/PaymentService.API/PaymentService.API.csproj" />
    <Project Path="Services/PaymentService/PaymentService.Application/PaymentService.Application.csproj" />
    <Project Path="Services/PaymentService/PaymentService.Domain/PaymentService.Domain.csproj" />
    <Project Path="Services/PaymentService/PaymentService.Infrastructure/PaymentService.Infrastructure.csproj" />
  </Folder>
  <Folder Name="/Services/ProductService/">
    <File Path="Containerfile" />
    <Project Path="Services/ProductService/ProductService.API/ProductService.API.csproj" />
    <Project Path="Services/ProductService/ProductService.Application/ProductService.Application.csproj" />
    <Project Path="Services/ProductService/ProductService.Domain/ProductService.Domain.csproj" />
    <Project Path="Services/ProductService/ProductService.Infrastructure/ProductService.Infrastructure.csproj" />
  </Folder>
  <Folder Name="/Services/UserService/">
    <Project Path="Services/UserService/UserService.API/UserService.API.csproj" />
    <Project Path="Services/UserService/UserService.Application/UserService.Application.csproj" />
    <Project Path="Services/UserService/UserService.Domain/UserService.Domain.csproj" />
    <Project Path="Services/UserService/UserService.Infrastructure/UserService.Infrastructure.csproj" />
  </Folder>
</Solution>
